
Microsoft Visual Studio Solution File, Format Version 12.00
# Visual Studio 2013
VisualStudioVersion = 12.0.21005.1
MinimumVisualStudioVersion = 10.0.40219.1
Project("{FAE04EC0-301F-11D3-BF4B-00C04F79EFBC}") = "testApp", "testApp\testApp.csproj", "{781A547B-0C81-4FE3-A0AC-A64F1EE0C2F9}"
EndProject
Project("{FAE04EC0-301F-11D3-BF4B-00C04F79EFBC}") = "testApp.Tests", "testApp.Tests\testApp.Tests.csproj", "{3EAAABE7-E85F-4300-9633-78BC5C89CE5E}"
EndProject
Global
	GlobalSection(SolutionConfigurationPlatforms) = preSolution
		Debug|Any CPU = Debug|Any CPU
		Release|Any CPU = Release|Any CPU
	EndGlobalSection
	GlobalSection(ProjectConfigurationPlatforms) = postSolution
		{781A547B-0C81-4FE3-A0AC-A64F1EE0C2F9}.Debug|Any CPU.ActiveCfg = Debug|Any CPU
		{781A547B-0C81-4FE3-A0AC-A64F1EE0C2F9}.Debug|Any CPU.Build.0 = Debug|Any CPU
		{781A547B-0C81-4FE3-A0AC-A64F1EE0C2F9}.Release|Any CPU.ActiveCfg = Release|Any CPU
		{781A547B-0C81-4FE3-A0AC-A64F1EE0C2F9}.Release|Any CPU.Build.0 = Release|Any CPU
		{3EAAABE7-E85F-4300-9633-78BC5C89CE5E}.Debug|Any CPU.ActiveCfg = Debug|Any CPU
		{3EAAABE7-E85F-4300-9633-78BC5C89CE5E}.Debug|Any CPU.Build.0 = Debug|Any CPU
		{3EAAABE7-E85F-4300-9633-78BC5C89CE5E}.Release|Any CPU.ActiveCfg = Release|Any CPU
		{3EAAABE7-E85F-4300-9633-78BC5C89CE5E}.Release|Any CPU.Build.0 = Release|Any CPU
	EndGlobalSection
	GlobalSection(SolutionProperties) = preSolution
		HideSolutionNode = FALSE
	EndGlobalSection
EndGlobal
